
Microsoft Visual Studio Solution File, Format Version 12.00
# Visual Studio Version 17
VisualStudioVersion = 17.8.34330.188
MinimumVisualStudioVersion = 10.0.40219.1
Project("{888888A0-9F3D-457C-B088-3A5042F75D52}") = "BasicNeuralNetwork", "BasicNeuralNetwork\BasicNeuralNetwork.pyproj", "{D93E2773-B670-4F28-97E0-BBA17E3017E3}"
EndProject
Global
	GlobalSection(SolutionConfigurationPlatforms) = preSolution
		Debug|Any CPU = Debug|Any CPU
		Release|Any CPU = Release|Any CPU
	EndGlobalSection
	GlobalSection(ProjectConfigurationPlatforms) = postSolution
		{D93E2773-B670-4F28-97E0-BBA17E3017E3}.Debug|Any CPU.ActiveCfg = Debug|Any CPU
		{D93E2773-B670-4F28-97E0-BBA17E3017E3}.Release|Any CPU.ActiveCfg = Release|Any CPU
	EndGlobalSection
	GlobalSection(SolutionProperties) = preSolution
		HideSolutionNode = FALSE
	EndGlobalSection
	GlobalSection(ExtensibilityGlobals) = postSolution
		SolutionGuid = {0E48AEAD-295F-42ED-B9B8-23992F1978B5}
	EndGlobalSection
EndGlobal
